
Microsoft Visual Studio Solution File, Format Version 12.00
# Visual Studio Version 17
VisualStudioVersion = 17.11.35327.3
MinimumVisualStudioVersion = 10.0.40219.1
Project("{FAE04EC0-301F-11D3-BF4B-00C04F79EFBC}") = "LibDbHelper", "LibDbHelper\LibDbHelper.csproj", "{C8CA0DEB-8A69-4CDE-AFED-D17CC2A7424E}"
EndProject
Global
	GlobalSection(SolutionConfigurationPlatforms) = preSolution
		Debug|Any CPU = Debug|Any CPU
		Release|Any CPU = Release|Any CPU
	EndGlobalSection
	GlobalSection(ProjectConfigurationPlatforms) = postSolution
		{C8CA0DEB-8A69-4CDE-AFED-D17CC2A7424E}.Debug|Any CPU.ActiveCfg = Debug|Any CPU
		{C8CA0DEB-8A69-4CDE-AFED-D17CC2A7424E}.Debug|Any CPU.Build.0 = Debug|Any CPU
		{C8CA0DEB-8A69-4CDE-AFED-D17CC2A7424E}.Release|Any CPU.ActiveCfg = Release|Any CPU
		{C8CA0DEB-8A69-4CDE-AFED-D17CC2A7424E}.Release|Any CPU.Build.0 = Release|Any CPU
	EndGlobalSection
	GlobalSection(SolutionProperties) = preSolution
		HideSolutionNode = FALSE
	EndGlobalSection
	GlobalSection(ExtensibilityGlobals) = postSolution
		SolutionGuid = {0F7099CD-A16F-4CCF-8898-DCBCB41F5B21}
	EndGlobalSection
EndGlobal
